<?xml version="1.0" encoding="utf-8"?>
<Project ToolsVersion="4.0" xmlns="http://schemas.microsoft.com/developer/msbuild/2003">
  <ItemGroup>
    <Filter Include="Source Files">
      <UniqueIdentifier>{4FC737F1-C7A5-4376-A066-2A32D752A2FF}</UniqueIdentifier>
      <Extensions>cpp;c;cc;cxx;def;odl;idl;hpj;bat;asm;asmx</Extensions>
    </Filter>
    <Filter Include="Header Files">
      <UniqueIdentifier>{93995380-89BD-4b04-88EB-625FBE52EBFB}</UniqueIdentifier>
      <Extensions>h;hh;hpp;hxx;hm;inl;inc;xsd</Extensions>
    </Filter>
    <Filter Include="Resource Files">
      <UniqueIdentifier>{67DA6AB6-F800-4c08-8B7A-83BB121AAD01}</UniqueIdentifier>
      <Extensions>rc;ico;cur;bmp;dlg;rc2;rct;bin;rgs;gif;jpg;jpeg;jpe;resx;tiff;tif;png;wav;mfcribbon-ms</Extensions>
    </Filter>
  </ItemGroup>
  <ItemGroup>
    <ClCompile Include="main.cpp">
      <Filter>Source Files</Filter>
    </ClCompile>
    <ClCompile Include="Game.cpp">
      <Filter>Source Files</Filter>
    </ClCompile>
    <ClCompile Include="OpitionsScreen.cpp">
      <Filter>Source Files</Filter>
    </ClCompile>
    <ClCompile Include="Gui\Gui.cpp">
      <Filter>Source Files</Filter>
    </ClCompile>
    <ClCompile Include="Gui\Slider.cpp">
      <Filter>Source Files</Filter>
    </ClCompile>
    <ClCompile Include="Gui\Widget.cpp">
      <Filter>Source Files</Filter>
    </ClCompile>
    <ClCompile Include="Gui\Label.cpp">
      <Filter>Source Files</Filter>
    </ClCompile>
    <ClCompile Include="ResourceManager.cpp">
      <Filter>Source Files</Filter>
    </ClCompile>
    <ClCompile Include="Gui\Button.cpp">
      <Filter>Source Files</Filter>
    </ClCompile>
    <ClCompile Include="Gui\CheckBox.cpp">
      <Filter>Source Files</Filter>
    </ClCompile>
    <ClCompile Include="Gui\RadioButton.cpp">
      <Filter>Source Files</Filter>
    </ClCompile>
    <ClCompile Include="Input\XboxController.cpp">
      <Filter>Source Files</Filter>
    </ClCompile>
    <ClCompile Include="MainMenuScreen.cpp">
      <Filter>Source Files</Filter>
    </ClCompile>
    <ClCompile Include="MathUtility.cpp">
      <Filter>Source Files</Filter>
    </ClCompile>
    <ClCompile Include="GamePlay.cpp">
      <Filter>Source Files</Filter>
    </ClCompile>
  </ItemGroup>
  <ItemGroup>
    <ClInclude Include="Game.h">
      <Filter>Header Files</Filter>
    </ClInclude>
    <ClInclude Include="OpitionsScreen.h">
      <Filter>Header Files</Filter>
    </ClInclude>
    <ClInclude Include="Gui\Gui.h">
      <Filter>Header Files</Filter>
    </ClInclude>
    <ClInclude Include="Gui\Slider.h">
      <Filter>Header Files</Filter>
    </ClInclude>
    <ClInclude Include="Gui\Widget.h">
      <Filter>Header Files</Filter>
    </ClInclude>
    <ClInclude Include="Gui\Label.h">
      <Filter>Header Files</Filter>
    </ClInclude>
    <ClInclude Include="ResourceManager.h">
      <Filter>Header Files</Filter>
    </ClInclude>
    <ClInclude Include="Gui\Button.h">
      <Filter>Header Files</Filter>
    </ClInclude>
    <ClInclude Include="Gui\CheckBox.h">
      <Filter>Header Files</Filter>
    </ClInclude>
    <ClInclude Include="Gui\RadioButton.h">
      <Filter>Header Files</Filter>
    </ClInclude>
    <ClInclude Include="Input\XboxController.h">
      <Filter>Header Files</Filter>
    </ClInclude>
    <ClInclude Include="MainMenuScreen.h">
      <Filter>Header Files</Filter>
    </ClInclude>
    <ClInclude Include="MathUtility.h">
      <Filter>Header Files</Filter>
    </ClInclude>
    <ClInclude Include="GamePlay.h">
      <Filter>Header Files</Filter>
    </ClInclude>
  </ItemGroup>
</Project>